// !$*UTF8*$!
{
	archiveVersion = 1;
	classes = {
	};
	objectVersion = 50;
	objects = {

/* Begin PBXBuildFile section */
		FB346EF62451FF7600B56A62 /* AppDelegate.swift in Sources */ = {isa = PBXBuildFile; fileRef = FB346EF52451FF7600B56A62 /* AppDelegate.swift */; };
		FB346EF82451FF7600B56A62 /* SceneDelegate.swift in Sources */ = {isa = PBXBuildFile; fileRef = FB346EF72451FF7600B56A62 /* SceneDelegate.swift */; };
		FB346EFD2451FF7600B56A62 /* Main.storyboard in Resources */ = {isa = PBXBuildFile; fileRef = FB346EFB2451FF7600B56A62 /* Main.storyboard */; };
		FB346F002451FF7600B56A62 /* BrunchHype.xcdatamodeld in Sources */ = {isa = PBXBuildFile; fileRef = FB346EFE2451FF7600B56A62 /* BrunchHype.xcdatamodeld */; };
		FB346F022451FF7800B56A62 /* Assets.xcassets in Resources */ = {isa = PBXBuildFile; fileRef = FB346F012451FF7800B56A62 /* Assets.xcassets */; };
		FB346F052451FF7800B56A62 /* LaunchScreen.storyboard in Resources */ = {isa = PBXBuildFile; fileRef = FB346F032451FF7800B56A62 /* LaunchScreen.storyboard */; };
		FB346F10245201F800B56A62 /* BrunchSpot+Convience.swift in Sources */ = {isa = PBXBuildFile; fileRef = FB346F0F245201F800B56A62 /* BrunchSpot+Convience.swift */; };
		FB346F132452022600B56A62 /* CoreDataStack.swift in Sources */ = {isa = PBXBuildFile; fileRef = FB346F122452022600B56A62 /* CoreDataStack.swift */; };
		FB346F152452031700B56A62 /* BrunchSpotController.swift in Sources */ = {isa = PBXBuildFile; fileRef = FB346F142452031700B56A62 /* BrunchSpotController.swift */; };
		FB346F17245208CF00B56A62 /* BrunchSpotListTableViewController.swift in Sources */ = {isa = PBXBuildFile; fileRef = FB346F16245208CF00B56A62 /* BrunchSpotListTableViewController.swift */; };
		FB346F1A2452091300B56A62 /* BrunchSpotDetailViewController.swift in Sources */ = {isa = PBXBuildFile; fileRef = FB346F192452091300B56A62 /* BrunchSpotDetailViewController.swift */; };
		FB346F1D24520F2A00B56A62 /* BrunchSpotTableViewCell.swift in Sources */ = {isa = PBXBuildFile; fileRef = FB346F1C24520F2A00B56A62 /* BrunchSpotTableViewCell.swift */; };
/* End PBXBuildFile section */

/* Begin PBXFileReference section */
		FB346EF22451FF7600B56A62 /* BrunchHype.app */ = {isa = PBXFileReference; explicitFileType = wrapper.application; includeInIndex = 0; path = BrunchHype.app; sourceTree = BUILT_PRODUCTS_DIR; };
		FB346EF52451FF7600B56A62 /* AppDelegate.swift */ = {isa = PBXFileReference; lastKnownFileType = sourcecode.swift; path = AppDelegate.swift; sourceTree = "<group>"; };
		FB346EF72451FF7600B56A62 /* SceneDelegate.swift */ = {isa = PBXFileReference; lastKnownFileType = sourcecode.swift; path = SceneDelegate.swift; sourceTree = "<group>"; };
		FB346EFC2451FF7600B56A62 /* Base */ = {isa = PBXFileReference; lastKnownFileType = file.storyboard; name = Base; path = Base.lproj/Main.storyboard; sourceTree = "<group>"; };
		FB346EFF2451FF7600B56A62 /* BrunchHype.xcdatamodel */ = {isa = PBXFileReference; lastKnownFileType = wrapper.xcdatamodel; path = BrunchHype.xcdatamodel; sourceTree = "<group>"; };
		FB346F012451FF7800B56A62 /* Assets.xcassets */ = {isa = PBXFileReference; lastKnownFileType = folder.assetcatalog; path = Assets.xcassets; sourceTree = "<group>"; };
		FB346F042451FF7800B56A62 /* Base */ = {isa = PBXFileReference; lastKnownFileType = file.storyboard; name = Base; path = Base.lproj/LaunchScreen.storyboard; sourceTree = "<group>"; };
		FB346F062451FF7800B56A62 /* Info.plist */ = {isa = PBXFileReference; lastKnownFileType = text.plist.xml; path = Info.plist; sourceTree = "<group>"; };
		FB346F0F245201F800B56A62 /* BrunchSpot+Convience.swift */ = {isa = PBXFileReference; lastKnownFileType = sourcecode.swift; path = "BrunchSpot+Convience.swift"; sourceTree = "<group>"; };
		FB346F122452022600B56A62 /* CoreDataStack.swift */ = {isa = PBXFileReference; lastKnownFileType = sourcecode.swift; path = CoreDataStack.swift; sourceTree = "<group>"; };
		FB346F142452031700B56A62 /* BrunchSpotController.swift */ = {isa = PBXFileReference; lastKnownFileType = sourcecode.swift; path = BrunchSpotController.swift; sourceTree = "<group>"; };
		FB346F16245208CF00B56A62 /* BrunchSpotListTableViewController.swift */ = {isa = PBXFileReference; lastKnownFileType = sourcecode.swift; path = BrunchSpotListTableViewController.swift; sourceTree = "<group>"; };
		FB346F192452091300B56A62 /* BrunchSpotDetailViewController.swift */ = {isa = PBXFileReference; lastKnownFileType = sourcecode.swift; path = BrunchSpotDetailViewController.swift; sourceTree = "<group>"; };
		FB346F1C24520F2A00B56A62 /* BrunchSpotTableViewCell.swift */ = {isa = PBXFileReference; lastKnownFileType = sourcecode.swift; path = BrunchSpotTableViewCell.swift; sourceTree = "<group>"; };
/* End PBXFileReference section */

/* Begin PBXFrameworksBuildPhase section */
		FB346EEF2451FF7600B56A62 /* Frameworks */ = {
			isa = PBXFrameworksBuildPhase;
			buildActionMask = 2147483647;
			files = (
			);
			runOnlyForDeploymentPostprocessing = 0;
		};
/* End PBXFrameworksBuildPhase section */

/* Begin PBXGroup section */
		FB346EE92451FF7600B56A62 = {
			isa = PBXGroup;
			children = (
				FB346EF42451FF7600B56A62 /* BrunchHype */,
				FB346EF32451FF7600B56A62 /* Products */,
			);
			sourceTree = "<group>";
		};
		FB346EF32451FF7600B56A62 /* Products */ = {
			isa = PBXGroup;
			children = (
				FB346EF22451FF7600B56A62 /* BrunchHype.app */,
			);
			name = Products;
			sourceTree = "<group>";
		};
		FB346EF42451FF7600B56A62 /* BrunchHype */ = {
			isa = PBXGroup;
			children = (
				FB346F112452020F00B56A62 /* Helper Files */,
				FB346F0C2452019100B56A62 /* Resources */,
				FB346F0D245201BB00B56A62 /* Storyboards */,
				FB346F0E245201D000B56A62 /* Model */,
				FB346F18245208D600B56A62 /* Model Controller */,
				FB346F1B2452091800B56A62 /* View Controllers */,
			);
			path = BrunchHype;
			sourceTree = "<group>";
		};
		FB346F0C2452019100B56A62 /* Resources */ = {
			isa = PBXGroup;
			children = (
				FB346EF52451FF7600B56A62 /* AppDelegate.swift */,
				FB346EF72451FF7600B56A62 /* SceneDelegate.swift */,
				FB346F012451FF7800B56A62 /* Assets.xcassets */,
				FB346F062451FF7800B56A62 /* Info.plist */,
			);
			path = Resources;
			sourceTree = "<group>";
		};
		FB346F0D245201BB00B56A62 /* Storyboards */ = {
			isa = PBXGroup;
			children = (
				FB346EFB2451FF7600B56A62 /* Main.storyboard */,
				FB346F032451FF7800B56A62 /* LaunchScreen.storyboard */,
			);
			path = Storyboards;
			sourceTree = "<group>";
		};
		FB346F0E245201D000B56A62 /* Model */ = {
			isa = PBXGroup;
			children = (
				FB346EFE2451FF7600B56A62 /* BrunchHype.xcdatamodeld */,
				FB346F0F245201F800B56A62 /* BrunchSpot+Convience.swift */,
			);
			path = Model;
			sourceTree = "<group>";
		};
		FB346F112452020F00B56A62 /* Helper Files */ = {
			isa = PBXGroup;
			children = (
				FB346F122452022600B56A62 /* CoreDataStack.swift */,
			);
			path = "Helper Files";
			sourceTree = "<group>";
		};
		FB346F18245208D600B56A62 /* Model Controller */ = {
			isa = PBXGroup;
			children = (
				FB346F142452031700B56A62 /* BrunchSpotController.swift */,
			);
			path = "Model Controller";
			sourceTree = "<group>";
		};
		FB346F1B2452091800B56A62 /* View Controllers */ = {
			isa = PBXGroup;
			children = (
				FB346F16245208CF00B56A62 /* BrunchSpotListTableViewController.swift */,
				FB346F192452091300B56A62 /* BrunchSpotDetailViewController.swift */,
				FB346F1C24520F2A00B56A62 /* BrunchSpotTableViewCell.swift */,
			);
			path = "View Controllers";
			sourceTree = "<group>";
		};
/* End PBXGroup section */

/* Begin PBXNativeTarget section */
		FB346EF12451FF7600B56A62 /* BrunchHype */ = {
			isa = PBXNativeTarget;
			buildConfigurationList = FB346F092451FF7800B56A62 /* Build configuration list for PBXNativeTarget "BrunchHype" */;
			buildPhases = (
				FB346EEE2451FF7600B56A62 /* Sources */,
				FB346EEF2451FF7600B56A62 /* Frameworks */,
				FB346EF02451FF7600B56A62 /* Resources */,
			);
			buildRules = (
			);
			dependencies = (
			);
			name = BrunchHype;
			productName = BrunchHype;
			productReference = FB346EF22451FF7600B56A62 /* BrunchHype.app */;
			productType = "com.apple.product-type.application";
		};
/* End PBXNativeTarget section */

/* Begin PBXProject section */
		FB346EEA2451FF7600B56A62 /* Project object */ = {
			isa = PBXProject;
			attributes = {
				LastSwiftUpdateCheck = 1140;
				LastUpgradeCheck = 1140;
				ORGANIZATIONNAME = "Karl Pfister";
				TargetAttributes = {
					FB346EF12451FF7600B56A62 = {
						CreatedOnToolsVersion = 11.4.1;
					};
				};
			};
			buildConfigurationList = FB346EED2451FF7600B56A62 /* Build configuration list for PBXProject "BrunchHype" */;
			compatibilityVersion = "Xcode 9.3";
			developmentRegion = en;
			hasScannedForEncodings = 0;
			knownRegions = (
				en,
				Base,
			);
			mainGroup = FB346EE92451FF7600B56A62;
			productRefGroup = FB346EF32451FF7600B56A62 /* Products */;
			projectDirPath = "";
			projectRoot = "";
			targets = (
				FB346EF12451FF7600B56A62 /* BrunchHype */,
			);
		};
/* End PBXProject section */

/* Begin PBXResourcesBuildPhase section */
		FB346EF02451FF7600B56A62 /* Resources */ = {
			isa = PBXResourcesBuildPhase;
			buildActionMask = 2147483647;
			files = (
				FB346F052451FF7800B56A62 /* LaunchScreen.storyboard in Resources */,
				FB346F022451FF7800B56A62 /* Assets.xcassets in Resources */,
				FB346EFD2451FF7600B56A62 /* Main.storyboard in Resources */,
			);
			runOnlyForDeploymentPostprocessing = 0;
		};
/* End PBXResourcesBuildPhase section */

/* Begin PBXSourcesBuildPhase section */
		FB346EEE2451FF7600B56A62 /* Sources */ = {
			isa = PBXSourcesBuildPhase;
			buildActionMask = 2147483647;
			files = (
				FB346F132452022600B56A62 /* CoreDataStack.swift in Sources */,
				FB346F1A2452091300B56A62 /* BrunchSpotDetailViewController.swift in Sources */,
				FB346F152452031700B56A62 /* BrunchSpotController.swift in Sources */,
				FB346F17245208CF00B56A62 /* BrunchSpotListTableViewController.swift in Sources */,
				FB346EF62451FF7600B56A62 /* AppDelegate.swift in Sources */,
				FB346F1D24520F2A00B56A62 /* BrunchSpotTableViewCell.swift in Sources */,
				FB346EF82451FF7600B56A62 /* SceneDelegate.swift in Sources */,
				FB346F10245201F800B56A62 /* BrunchSpot+Convience.swift in Sources */,
				FB346F002451FF7600B56A62 /* BrunchHype.xcdatamodeld in Sources */,
			);
			runOnlyForDeploymentPostprocessing = 0;
		};
/* End PBXSourcesBuildPhase section */

/* Begin PBXVariantGroup section */
		FB346EFB2451FF7600B56A62 /* Main.storyboard */ = {
			isa = PBXVariantGroup;
			children = (
				FB346EFC2451FF7600B56A62 /* Base */,
			);
			name = Main.storyboard;
			sourceTree = "<group>";
		};
		FB346F032451FF7800B56A62 /* LaunchScreen.storyboard */ = {
			isa = PBXVariantGroup;
			children = (
				FB346F042451FF7800B56A62 /* Base */,
			);
			name = LaunchScreen.storyboard;
			sourceTree = "<group>";
		};
/* End PBXVariantGroup section */

/* Begin XCBuildConfiguration section */
		FB346F072451FF7800B56A62 /* Debug */ = {
			isa = XCBuildConfiguration;
			buildSettings = {
				ALWAYS_SEARCH_USER_PATHS = NO;
				CLANG_ANALYZER_NONNULL = YES;
				CLANG_ANALYZER_NUMBER_OBJECT_CONVERSION = YES_AGGRESSIVE;
				CLANG_CXX_LANGUAGE_STANDARD = "gnu++14";
				CLANG_CXX_LIBRARY = "libc++";
				CLANG_ENABLE_MODULES = YES;
				CLANG_ENABLE_OBJC_ARC = YES;
				CLANG_ENABLE_OBJC_WEAK = YES;
				CLANG_WARN_BLOCK_CAPTURE_AUTORELEASING = YES;
				CLANG_WARN_BOOL_CONVERSION = YES;
				CLANG_WARN_COMMA = YES;
				CLANG_WARN_CONSTANT_CONVERSION = YES;
				CLANG_WARN_DEPRECATED_OBJC_IMPLEMENTATIONS = YES;
				CLANG_WARN_DIRECT_OBJC_ISA_USAGE = YES_ERROR;
				CLANG_WARN_DOCUMENTATION_COMMENTS = YES;
				CLANG_WARN_EMPTY_BODY = YES;
				CLANG_WARN_ENUM_CONVERSION = YES;
				CLANG_WARN_INFINITE_RECURSION = YES;
				CLANG_WARN_INT_CONVERSION = YES;
				CLANG_WARN_NON_LITERAL_NULL_CONVERSION = YES;
				CLANG_WARN_OBJC_IMPLICIT_RETAIN_SELF = YES;
				CLANG_WARN_OBJC_LITERAL_CONVERSION = YES;
				CLANG_WARN_OBJC_ROOT_CLASS = YES_ERROR;
				CLANG_WARN_RANGE_LOOP_ANALYSIS = YES;
				CLANG_WARN_STRICT_PROTOTYPES = YES;
				CLANG_WARN_SUSPICIOUS_MOVE = YES;
				CLANG_WARN_UNGUARDED_AVAILABILITY = YES_AGGRESSIVE;
				CLANG_WARN_UNREACHABLE_CODE = YES;
				CLANG_WARN__DUPLICATE_METHOD_MATCH = YES;
				COPY_PHASE_STRIP = NO;
				DEBUG_INFORMATION_FORMAT = dwarf;
				ENABLE_STRICT_OBJC_MSGSEND = YES;
				ENABLE_TESTABILITY = YES;
				GCC_C_LANGUAGE_STANDARD = gnu11;
				GCC_DYNAMIC_NO_PIC = NO;
				GCC_NO_COMMON_BLOCKS = YES;
				GCC_OPTIMIZATION_LEVEL = 0;
				GCC_PREPROCESSOR_DEFINITIONS = (
					"DEBUG=1",
					"$(inherited)",
				);
				GCC_WARN_64_TO_32_BIT_CONVERSION = YES;
				GCC_WARN_ABOUT_RETURN_TYPE = YES_ERROR;
				GCC_WARN_UNDECLARED_SELECTOR = YES;
				GCC_WARN_UNINITIALIZED_AUTOS = YES_AGGRESSIVE;
				GCC_WARN_UNUSED_FUNCTION = YES;
				GCC_WARN_UNUSED_VARIABLE = YES;
				IPHONEOS_DEPLOYMENT_TARGET = 13.4;
				MTL_ENABLE_DEBUG_INFO = INCLUDE_SOURCE;
				MTL_FAST_MATH = YES;
				ONLY_ACTIVE_ARCH = YES;
				SDKROOT = iphoneos;
				SWIFT_ACTIVE_COMPILATION_CONDITIONS = DEBUG;
				SWIFT_OPTIMIZATION_LEVEL = "-Onone";
			};
			name = Debug;
		};
		FB346F082451FF7800B56A62 /* Release */ = {
			isa = XCBuildConfiguration;
			buildSettings = {
				ALWAYS_SEARCH_USER_PATHS = NO;
				CLANG_ANALYZER_NONNULL = YES;
				CLANG_ANALYZER_NUMBER_OBJECT_CONVERSION = YES_AGGRESSIVE;
				CLANG_CXX_LANGUAGE_STANDARD = "gnu++14";
				CLANG_CXX_LIBRARY = "libc++";
				CLANG_ENABLE_MODULES = YES;
				CLANG_ENABLE_OBJC_ARC = YES;
				CLANG_ENABLE_OBJC_WEAK = YES;
				CLANG_WARN_BLOCK_CAPTURE_AUTORELEASING = YES;
				CLANG_WARN_BOOL_CONVERSION = YES;
				CLANG_WARN_COMMA = YES;
				CLANG_WARN_CONSTANT_CONVERSION = YES;
				CLANG_WARN_DEPRECATED_OBJC_IMPLEMENTATIONS = YES;
				CLANG_WARN_DIRECT_OBJC_ISA_USAGE = YES_ERROR;
				CLANG_WARN_DOCUMENTATION_COMMENTS = YES;
				CLANG_WARN_EMPTY_BODY = YES;
				CLANG_WARN_ENUM_CONVERSION = YES;
				CLANG_WARN_INFINITE_RECURSION = YES;
				CLANG_WARN_INT_CONVERSION = YES;
				CLANG_WARN_NON_LITERAL_NULL_CONVERSION = YES;
				CLANG_WARN_OBJC_IMPLICIT_RETAIN_SELF = YES;
				CLANG_WARN_OBJC_LITERAL_CONVERSION = YES;
				CLANG_WARN_OBJC_ROOT_CLASS = YES_ERROR;
				CLANG_WARN_RANGE_LOOP_ANALYSIS = YES;
				CLANG_WARN_STRICT_PROTOTYPES = YES;
				CLANG_WARN_SUSPICIOUS_MOVE = YES;
				CLANG_WARN_UNGUARDED_AVAILABILITY = YES_AGGRESSIVE;
				CLANG_WARN_UNREACHABLE_CODE = YES;
				CLANG_WARN__DUPLICATE_METHOD_MATCH = YES;
				COPY_PHASE_STRIP = NO;
				DEBUG_INFORMATION_FORMAT = "dwarf-with-dsym";
				ENABLE_NS_ASSERTIONS = NO;
				ENABLE_STRICT_OBJC_MSGSEND = YES;
				GCC_C_LANGUAGE_STANDARD = gnu11;
				GCC_NO_COMMON_BLOCKS = YES;
				GCC_WARN_64_TO_32_BIT_CONVERSION = YES;
				GCC_WARN_ABOUT_RETURN_TYPE = YES_ERROR;
				GCC_WARN_UNDECLARED_SELECTOR = YES;
				GCC_WARN_UNINITIALIZED_AUTOS = YES_AGGRESSIVE;
				GCC_WARN_UNUSED_FUNCTION = YES;
				GCC_WARN_UNUSED_VARIABLE = YES;
				IPHONEOS_DEPLOYMENT_TARGET = 13.4;
				MTL_ENABLE_DEBUG_INFO = NO;
				MTL_FAST_MATH = YES;
				SDKROOT = iphoneos;
				SWIFT_COMPILATION_MODE = wholemodule;
				SWIFT_OPTIMIZATION_LEVEL = "-O";
				VALIDATE_PRODUCT = YES;
			};
			name = Release;
		};
		FB346F0A2451FF7800B56A62 /* Debug */ = {
			isa = XCBuildConfiguration;
			buildSettings = {
				ASSETCATALOG_COMPILER_APPICON_NAME = AppIcon;
				CODE_SIGN_STYLE = Automatic;
				DEVELOPMENT_TEAM = UCL5625TDG;
				INFOPLIST_FILE = BrunchHype/Resources/Info.plist;
				LD_RUNPATH_SEARCH_PATHS = (
					"$(inherited)",
					"@executable_path/Frameworks",
				);
				PRODUCT_BUNDLE_IDENTIFIER = com.Devmountain.BrunchHype;
				PRODUCT_NAME = "$(TARGET_NAME)";
				SWIFT_VERSION = 5.0;
				TARGETED_DEVICE_FAMILY = "1,2";
			};
			name = Debug;
		};
		FB346F0B2451FF7800B56A62 /* Release */ = {
			isa = XCBuildConfiguration;
			buildSettings = {
				ASSETCATALOG_COMPILER_APPICON_NAME = AppIcon;
				CODE_SIGN_STYLE = Automatic;
				DEVELOPMENT_TEAM = UCL5625TDG;
				INFOPLIST_FILE = BrunchHype/Resources/Info.plist;
				LD_RUNPATH_SEARCH_PATHS = (
					"$(inherited)",
					"@executable_path/Frameworks",
				);
				PRODUCT_BUNDLE_IDENTIFIER = com.Devmountain.BrunchHype;
				PRODUCT_NAME = "$(TARGET_NAME)";
				SWIFT_VERSION = 5.0;
				TARGETED_DEVICE_FAMILY = "1,2";
			};
			name = Release;
		};
/* End XCBuildConfiguration section */

/* Begin XCConfigurationList section */
		FB346EED2451FF7600B56A62 /* Build configuration list for PBXProject "BrunchHype" */ = {
			isa = XCConfigurationList;
			buildConfigurations = (
				FB346F072451FF7800B56A62 /* Debug */,
				FB346F082451FF7800B56A62 /* Release */,
			);
			defaultConfigurationIsVisible = 0;
			defaultConfigurationName = Release;
		};
		FB346F092451FF7800B56A62 /* Build configuration list for PBXNativeTarget "BrunchHype" */ = {
			isa = XCConfigurationList;
			buildConfigurations = (
				FB346F0A2451FF7800B56A62 /* Debug */,
				FB346F0B2451FF7800B56A62 /* Release */,
			);
			defaultConfigurationIsVisible = 0;
			defaultConfigurationName = Release;
		};
/* End XCConfigurationList section */

/* Begin XCVersionGroup section */
		FB346EFE2451FF7600B56A62 /* BrunchHype.xcdatamodeld */ = {
			isa = XCVersionGroup;
			children = (
				FB346EFF2451FF7600B56A62 /* BrunchHype.xcdatamodel */,
			);
			currentVersion = FB346EFF2451FF7600B56A62 /* BrunchHype.xcdatamodel */;
			path = BrunchHype.xcdatamodeld;
			sourceTree = "<group>";
			versionGroupType = wrapper.xcdatamodel;
		};
/* End XCVersionGroup section */
	};
	rootObject = FB346EEA2451FF7600B56A62 /* Project object */;
}
